
Microsoft Visual Studio Solution File, Format Version 12.00
# Visual Studio Version 17
VisualStudioVersion = 17.5.002.0
MinimumVisualStudioVersion = 10.0.40219.1
Project("{9A19103F-16F7-4668-BE54-9A1E7A4F7556}") = "minimal-api", "minimal-api.csproj", "{D69CD949-3F5D-4680-A675-75DF5FE58AFB}"
EndProject
Global
	GlobalSection(SolutionConfigurationPlatforms) = preSolution
		Debug|Any CPU = Debug|Any CPU
		Release|Any CPU = Release|Any CPU
	EndGlobalSection
	GlobalSection(ProjectConfigurationPlatforms) = postSolution
		{D69CD949-3F5D-4680-A675-75DF5FE58AFB}.Debug|Any CPU.ActiveCfg = Debug|Any CPU
		{D69CD949-3F5D-4680-A675-75DF5FE58AFB}.Debug|Any CPU.Build.0 = Debug|Any CPU
		{D69CD949-3F5D-4680-A675-75DF5FE58AFB}.Release|Any CPU.ActiveCfg = Release|Any CPU
		{D69CD949-3F5D-4680-A675-75DF5FE58AFB}.Release|Any CPU.Build.0 = Release|Any CPU
	EndGlobalSection
	GlobalSection(SolutionProperties) = preSolution
		HideSolutionNode = FALSE
	EndGlobalSection
	GlobalSection(ExtensibilityGlobals) = postSolution
		SolutionGuid = {33ED8AEA-5DD9-44F2-8DA5-6D2F82D9CBC0}
	EndGlobalSection
EndGlobal
